// !$*UTF8*$!
{
	archiveVersion = 1;
	classes = {
	};
	objectVersion = 46;
	objects = {

/* Begin PBXBuildFile section */
		2778DEC21E79AFB2001078C0 /* AppDelegate.swift in Sources */ = {isa = PBXBuildFile; fileRef = 2778DEC11E79AFB2001078C0 /* AppDelegate.swift */; };
		2778DEC41E79AFB2001078C0 /* ViewController.swift in Sources */ = {isa = PBXBuildFile; fileRef = 2778DEC31E79AFB2001078C0 /* ViewController.swift */; };
		2778DEC61E79AFB2001078C0 /* Assets.xcassets in Resources */ = {isa = PBXBuildFile; fileRef = 2778DEC51E79AFB2001078C0 /* Assets.xcassets */; };
		2778DEC91E79AFB2001078C0 /* Main.storyboard in Resources */ = {isa = PBXBuildFile; fileRef = 2778DEC71E79AFB2001078C0 /* Main.storyboard */; };
		2778DEE11E79B161001078C0 /* String+Typographizer.swift in Sources */ = {isa = PBXBuildFile; fileRef = 2778DEDF1E79B161001078C0 /* String+Typographizer.swift */; };
		2778DEE21E79B161001078C0 /* Typographizer.swift in Sources */ = {isa = PBXBuildFile; fileRef = 2778DEE01E79B161001078C0 /* Typographizer.swift */; };
/* End PBXBuildFile section */

/* Begin PBXFileReference section */
		2778DEBE1E79AFB2001078C0 /* TypographizerDemo.app */ = {isa = PBXFileReference; explicitFileType = wrapper.application; includeInIndex = 0; path = TypographizerDemo.app; sourceTree = BUILT_PRODUCTS_DIR; };
		2778DEC11E79AFB2001078C0 /* AppDelegate.swift */ = {isa = PBXFileReference; lastKnownFileType = sourcecode.swift; path = AppDelegate.swift; sourceTree = "<group>"; };
		2778DEC31E79AFB2001078C0 /* ViewController.swift */ = {isa = PBXFileReference; lastKnownFileType = sourcecode.swift; path = ViewController.swift; sourceTree = "<group>"; };
		2778DEC51E79AFB2001078C0 /* Assets.xcassets */ = {isa = PBXFileReference; lastKnownFileType = folder.assetcatalog; path = Assets.xcassets; sourceTree = "<group>"; };
		2778DEC81E79AFB2001078C0 /* Base */ = {isa = PBXFileReference; lastKnownFileType = file.storyboard; name = Base; path = Base.lproj/Main.storyboard; sourceTree = "<group>"; };
		2778DECA1E79AFB2001078C0 /* Info.plist */ = {isa = PBXFileReference; lastKnownFileType = text.plist.xml; path = Info.plist; sourceTree = "<group>"; };
		2778DEDF1E79B161001078C0 /* String+Typographizer.swift */ = {isa = PBXFileReference; fileEncoding = 4; lastKnownFileType = sourcecode.swift; path = "String+Typographizer.swift"; sourceTree = "<group>"; };
		2778DEE01E79B161001078C0 /* Typographizer.swift */ = {isa = PBXFileReference; fileEncoding = 4; lastKnownFileType = sourcecode.swift; path = Typographizer.swift; sourceTree = "<group>"; };
/* End PBXFileReference section */

/* Begin PBXFrameworksBuildPhase section */
		2778DEBB1E79AFB2001078C0 /* Frameworks */ = {
			isa = PBXFrameworksBuildPhase;
			buildActionMask = 2147483647;
			files = (
			);
			runOnlyForDeploymentPostprocessing = 0;
		};
/* End PBXFrameworksBuildPhase section */

/* Begin PBXGroup section */
		2778DEB51E79AFB2001078C0 = {
			isa = PBXGroup;
			children = (
				2778DEDE1E79B161001078C0 /* Typographizer */,
				2778DEC01E79AFB2001078C0 /* TypographizerDemo */,
				2778DEBF1E79AFB2001078C0 /* Products */,
			);
			sourceTree = "<group>";
		};
		2778DEBF1E79AFB2001078C0 /* Products */ = {
			isa = PBXGroup;
			children = (
				2778DEBE1E79AFB2001078C0 /* TypographizerDemo.app */,
			);
			name = Products;
			sourceTree = "<group>";
		};
		2778DEC01E79AFB2001078C0 /* TypographizerDemo */ = {
			isa = PBXGroup;
			children = (
				2778DEC11E79AFB2001078C0 /* AppDelegate.swift */,
				2778DEC31E79AFB2001078C0 /* ViewController.swift */,
				2778DEC51E79AFB2001078C0 /* Assets.xcassets */,
				2778DEC71E79AFB2001078C0 /* Main.storyboard */,
				2778DECA1E79AFB2001078C0 /* Info.plist */,
			);
			path = TypographizerDemo;
			sourceTree = "<group>";
		};
		2778DEDE1E79B161001078C0 /* Typographizer */ = {
			isa = PBXGroup;
			children = (
				2778DEDF1E79B161001078C0 /* String+Typographizer.swift */,
				2778DEE01E79B161001078C0 /* Typographizer.swift */,
			);
			name = Typographizer;
			path = ../Typographizer;
			sourceTree = "<group>";
		};
/* End PBXGroup section */

/* Begin PBXNativeTarget section */
		2778DEBD1E79AFB2001078C0 /* TypographizerDemo */ = {
			isa = PBXNativeTarget;
			buildConfigurationList = 2778DECD1E79AFB2001078C0 /* Build configuration list for PBXNativeTarget "TypographizerDemo" */;
			buildPhases = (
				2778DEBA1E79AFB2001078C0 /* Sources */,
				2778DEBB1E79AFB2001078C0 /* Frameworks */,
				2778DEBC1E79AFB2001078C0 /* Resources */,
			);
			buildRules = (
			);
			dependencies = (
			);
			name = TypographizerDemo;
			productName = TypographizerDemo;
			productReference = 2778DEBE1E79AFB2001078C0 /* TypographizerDemo.app */;
			productType = "com.apple.product-type.application";
		};
/* End PBXNativeTarget section */

/* Begin PBXProject section */
		2778DEB61E79AFB2001078C0 /* Project object */ = {
			isa = PBXProject;
			attributes = {
				LastSwiftUpdateCheck = 0820;
				LastUpgradeCheck = 0820;
				ORGANIZATIONNAME = "Frank Rausch";
				TargetAttributes = {
					2778DEBD1E79AFB2001078C0 = {
						CreatedOnToolsVersion = 8.2.1;
						DevelopmentTeam = 9KYFX28EJA;
						ProvisioningStyle = Automatic;
					};
				};
			};
			buildConfigurationList = 2778DEB91E79AFB2001078C0 /* Build configuration list for PBXProject "TypographizerDemo" */;
			compatibilityVersion = "Xcode 3.2";
			developmentRegion = English;
			hasScannedForEncodings = 0;
			knownRegions = (
				en,
				Base,
			);
			mainGroup = 2778DEB51E79AFB2001078C0;
			productRefGroup = 2778DEBF1E79AFB2001078C0 /* Products */;
			projectDirPath = "";
			projectRoot = "";
			targets = (
				2778DEBD1E79AFB2001078C0 /* TypographizerDemo */,
			);
		};
/* End PBXProject section */

/* Begin PBXResourcesBuildPhase section */
		2778DEBC1E79AFB2001078C0 /* Resources */ = {
			isa = PBXResourcesBuildPhase;
			buildActionMask = 2147483647;
			files = (
				2778DEC61E79AFB2001078C0 /* Assets.xcassets in Resources */,
				2778DEC91E79AFB2001078C0 /* Main.storyboard in Resources */,
			);
			runOnlyForDeploymentPostprocessing = 0;
		};
/* End PBXResourcesBuildPhase section */

/* Begin PBXSourcesBuildPhase section */
		2778DEBA1E79AFB2001078C0 /* Sources */ = {
			isa = PBXSourcesBuildPhase;
			buildActionMask = 2147483647;
			files = (
				2778DEC41E79AFB2001078C0 /* ViewController.swift in Sources */,
				2778DEE11E79B161001078C0 /* String+Typographizer.swift in Sources */,
				2778DEE21E79B161001078C0 /* Typographizer.swift in Sources */,
				2778DEC21E79AFB2001078C0 /* AppDelegate.swift in Sources */,
			);
			runOnlyForDeploymentPostprocessing = 0;
		};
/* End PBXSourcesBuildPhase section */

/* Begin PBXVariantGroup section */
		2778DEC71E79AFB2001078C0 /* Main.storyboard */ = {
			isa = PBXVariantGroup;
			children = (
				2778DEC81E79AFB2001078C0 /* Base */,
			);
			name = Main.storyboard;
			sourceTree = "<group>";
		};
/* End PBXVariantGroup section */

/* Begin XCBuildConfiguration section */
		2778DECB1E79AFB2001078C0 /* Debug */ = {
			isa = XCBuildConfiguration;
			buildSettings = {
				ALWAYS_SEARCH_USER_PATHS = NO;
				CLANG_ANALYZER_NONNULL = YES;
				CLANG_CXX_LANGUAGE_STANDARD = "gnu++0x";
				CLANG_CXX_LIBRARY = "libc++";
				CLANG_ENABLE_MODULES = YES;
				CLANG_ENABLE_OBJC_ARC = YES;
				CLANG_WARN_BOOL_CONVERSION = YES;
				CLANG_WARN_CONSTANT_CONVERSION = YES;
				CLANG_WARN_DIRECT_OBJC_ISA_USAGE = YES_ERROR;
				CLANG_WARN_DOCUMENTATION_COMMENTS = YES;
				CLANG_WARN_EMPTY_BODY = YES;
				CLANG_WARN_ENUM_CONVERSION = YES;
				CLANG_WARN_INFINITE_RECURSION = YES;
				CLANG_WARN_INT_CONVERSION = YES;
				CLANG_WARN_OBJC_ROOT_CLASS = YES_ERROR;
				CLANG_WARN_SUSPICIOUS_MOVE = YES;
				CLANG_WARN_UNREACHABLE_CODE = YES;
				CLANG_WARN__DUPLICATE_METHOD_MATCH = YES;
				CODE_SIGN_IDENTITY = "-";
				COPY_PHASE_STRIP = NO;
				DEBUG_INFORMATION_FORMAT = dwarf;
				ENABLE_STRICT_OBJC_MSGSEND = YES;
				ENABLE_TESTABILITY = YES;
				GCC_C_LANGUAGE_STANDARD = gnu99;
				GCC_DYNAMIC_NO_PIC = NO;
				GCC_NO_COMMON_BLOCKS = YES;
				GCC_OPTIMIZATION_LEVEL = 0;
				GCC_PREPROCESSOR_DEFINITIONS = (
					"DEBUG=1",
					"$(inherited)",
				);
				GCC_WARN_64_TO_32_BIT_CONVERSION = YES;
				GCC_WARN_ABOUT_RETURN_TYPE = YES_ERROR;
				GCC_WARN_UNDECLARED_SELECTOR = YES;
				GCC_WARN_UNINITIALIZED_AUTOS = YES_AGGRESSIVE;
				GCC_WARN_UNUSED_FUNCTION = YES;
				GCC_WARN_UNUSED_VARIABLE = YES;
				MACOSX_DEPLOYMENT_TARGET = 10.12;
				MTL_ENABLE_DEBUG_INFO = YES;
				ONLY_ACTIVE_ARCH = YES;
				SDKROOT = macosx;
				SWIFT_ACTIVE_COMPILATION_CONDITIONS = DEBUG;
				SWIFT_OPTIMIZATION_LEVEL = "-Onone";
			};
			name = Debug;
		};
		2778DECC1E79AFB2001078C0 /* Release */ = {
			isa = XCBuildConfiguration;
			buildSettings = {
				ALWAYS_SEARCH_USER_PATHS = NO;
				CLANG_ANALYZER_NONNULL = YES;
				CLANG_CXX_LANGUAGE_STANDARD = "gnu++0x";
				CLANG_CXX_LIBRARY = "libc++";
				CLANG_ENABLE_MODULES = YES;
				CLANG_ENABLE_OBJC_ARC = YES;
				CLANG_WARN_BOOL_CONVERSION = YES;
				CLANG_WARN_CONSTANT_CONVERSION = YES;
				CLANG_WARN_DIRECT_OBJC_ISA_USAGE = YES_ERROR;
				CLANG_WARN_DOCUMENTATION_COMMENTS = YES;
				CLANG_WARN_EMPTY_BODY = YES;
				CLANG_WARN_ENUM_CONVERSION = YES;
				CLANG_WARN_INFINITE_RECURSION = YES;
				CLANG_WARN_INT_CONVERSION = YES;
				CLANG_WARN_OBJC_ROOT_CLASS = YES_ERROR;
				CLANG_WARN_SUSPICIOUS_MOVE = YES;
				CLANG_WARN_UNREACHABLE_CODE = YES;
				CLANG_WARN__DUPLICATE_METHOD_MATCH = YES;
				CODE_SIGN_IDENTITY = "-";
				COPY_PHASE_STRIP = NO;
				DEBUG_INFORMATION_FORMAT = "dwarf-with-dsym";
				ENABLE_NS_ASSERTIONS = NO;
				ENABLE_STRICT_OBJC_MSGSEND = YES;
				GCC_C_LANGUAGE_STANDARD = gnu99;
				GCC_NO_COMMON_BLOCKS = YES;
				GCC_WARN_64_TO_32_BIT_CONVERSION = YES;
				GCC_WARN_ABOUT_RETURN_TYPE = YES_ERROR;
				GCC_WARN_UNDECLARED_SELECTOR = YES;
				GCC_WARN_UNINITIALIZED_AUTOS = YES_AGGRESSIVE;
				GCC_WARN_UNUSED_FUNCTION = YES;
				GCC_WARN_UNUSED_VARIABLE = YES;
				MACOSX_DEPLOYMENT_TARGET = 10.12;
				MTL_ENABLE_DEBUG_INFO = NO;
				SDKROOT = macosx;
				SWIFT_OPTIMIZATION_LEVEL = "-Owholemodule";
			};
			name = Release;
		};
		2778DECE1E79AFB2001078C0 /* Debug */ = {
			isa = XCBuildConfiguration;
			buildSettings = {
				ASSETCATALOG_COMPILER_APPICON_NAME = AppIcon;
				COMBINE_HIDPI_IMAGES = YES;
				DEVELOPMENT_TEAM = 9KYFX28EJA;
				INFOPLIST_FILE = TypographizerDemo/Info.plist;
				LD_RUNPATH_SEARCH_PATHS = "$(inherited) @executable_path/../Frameworks";
				MACOSX_DEPLOYMENT_TARGET = 10.11;
				PRODUCT_BUNDLE_IDENTIFIER = net.raureif.TypographizerDemo;
				PRODUCT_NAME = "$(TARGET_NAME)";
				SWIFT_VERSION = 3.0;
			};
			name = Debug;
		};
		2778DECF1E79AFB2001078C0 /* Release */ = {
			isa = XCBuildConfiguration;
			buildSettings = {
				ASSETCATALOG_COMPILER_APPICON_NAME = AppIcon;
				COMBINE_HIDPI_IMAGES = YES;
				DEVELOPMENT_TEAM = 9KYFX28EJA;
				INFOPLIST_FILE = TypographizerDemo/Info.plist;
				LD_RUNPATH_SEARCH_PATHS = "$(inherited) @executable_path/../Frameworks";
				MACOSX_DEPLOYMENT_TARGET = 10.11;
				PRODUCT_BUNDLE_IDENTIFIER = net.raureif.TypographizerDemo;
				PRODUCT_NAME = "$(TARGET_NAME)";
				SWIFT_VERSION = 3.0;
			};
			name = Release;
		};
/* End XCBuildConfiguration section */

/* Begin XCConfigurationList section */
		2778DEB91E79AFB2001078C0 /* Build configuration list for PBXProject "TypographizerDemo" */ = {
			isa = XCConfigurationList;
			buildConfigurations = (
				2778DECB1E79AFB2001078C0 /* Debug */,
				2778DECC1E79AFB2001078C0 /* Release */,
			);
			defaultConfigurationIsVisible = 0;
			defaultConfigurationName = Release;
		};
		2778DECD1E79AFB2001078C0 /* Build configuration list for PBXNativeTarget "TypographizerDemo" */ = {
			isa = XCConfigurationList;
			buildConfigurations = (
				2778DECE1E79AFB2001078C0 /* Debug */,
				2778DECF1E79AFB2001078C0 /* Release */,
			);
			defaultConfigurationIsVisible = 0;
			defaultConfigurationName = Release;
		};
/* End XCConfigurationList section */
	};
	rootObject = 2778DEB61E79AFB2001078C0 /* Project object */;
}
